
Microsoft Visual Studio Solution File, Format Version 12.00
# Visual Studio Version 17
VisualStudioVersion = 17.13.35913.81
MinimumVisualStudioVersion = 10.0.40219.1
Project("{FAE04EC0-301F-11D3-BF4B-00C04F79EFBC}") = "TI99_Disk_Tools", "TI99_Disk_Tools\TI99_Disk_Tools.csproj", "{82261306-DA52-421B-A2E1-1A18547CE041}"
EndProject
Project("{FAE04EC0-301F-11D3-BF4B-00C04F79EFBC}") = "TI99_Char_Tools", "TI99_Char_Tools\TI99_Char_Tools.csproj", "{52305E4B-86DF-480F-ACA3-387D278A746B}"
EndProject
Global
	GlobalSection(SolutionConfigurationPlatforms) = preSolution
		Debug|Any CPU = Debug|Any CPU
		Release|Any CPU = Release|Any CPU
	EndGlobalSection
	GlobalSection(ProjectConfigurationPlatforms) = postSolution
		{82261306-DA52-421B-A2E1-1A18547CE041}.Debug|Any CPU.ActiveCfg = Debug|Any CPU
		{82261306-DA52-421B-A2E1-1A18547CE041}.Debug|Any CPU.Build.0 = Debug|Any CPU
		{82261306-DA52-421B-A2E1-1A18547CE041}.Release|Any CPU.ActiveCfg = Release|Any CPU
		{82261306-DA52-421B-A2E1-1A18547CE041}.Release|Any CPU.Build.0 = Release|Any CPU
		{52305E4B-86DF-480F-ACA3-387D278A746B}.Debug|Any CPU.ActiveCfg = Debug|Any CPU
		{52305E4B-86DF-480F-ACA3-387D278A746B}.Debug|Any CPU.Build.0 = Debug|Any CPU
		{52305E4B-86DF-480F-ACA3-387D278A746B}.Release|Any CPU.ActiveCfg = Release|Any CPU
		{52305E4B-86DF-480F-ACA3-387D278A746B}.Release|Any CPU.Build.0 = Release|Any CPU
	EndGlobalSection
	GlobalSection(SolutionProperties) = preSolution
		HideSolutionNode = FALSE
	EndGlobalSection
	GlobalSection(ExtensibilityGlobals) = postSolution
		SolutionGuid = {C05F97C8-8320-449D-9D8F-81A7BBD6638C}
	EndGlobalSection
EndGlobal
